PODS:
  - ChromaColorPicker (1.7)
  - DKImagePickerController (3.4.0):
    - DKImagePickerController/Camera (= 3.4.0)
    - DKImagePickerController/ImageManager (= 3.4.0)
  - DKImagePickerController/Camera (3.4.0)
  - DKImagePickerController/ImageManager (3.4.0)
  - RichEditorView (4.0.0)

DEPENDENCIES:
  - ChromaColorPicker
  - DKImagePickerController (= 3.4.0)
  - RichEditorView (= 4.0.0)

SPEC CHECKSUMS:
  ChromaColorPicker: 33efa67b17cca51dd253689d18b83ac7e05642c2
  DKImagePickerController: 5e64adbe34c27cc63bc38cccdaf3a40c3b4f729c
  RichEditorView: e5990b1a092539559def9df135e064b29ab97e68

PODFILE CHECKSUM: c7e3f9034b4333765d9ec4d34199a6177f5b6b70

COCOAPODS: 1.4.0
